# THIS IS AN AUTOGENERATED FILE. DO NOT EDIT THIS FILE DIRECTLY.
# yarn lockfile v1


angular-animate@^1.6.6:
  version "1.6.6"
  resolved "https://registry.yarnpkg.com/angular-animate/-/angular-animate-1.6.6.tgz#6925647b141a040d241bf125040f1a150fcd8a70"

angular-bootstrap-npm@^0.14.3:
  version "0.14.3"
  resolved "https://registry.yarnpkg.com/angular-bootstrap-npm/-/angular-bootstrap-npm-0.14.3.tgz#1c18d49322adf5b5870ffb927f41dfc28ff6e579"

angular-loading-bar@^0.9.0:
  version "0.9.0"
  resolved "https://registry.yarnpkg.com/angular-loading-bar/-/angular-loading-bar-0.9.0.tgz#37ef52c25f102c216e7b3cdfd2fc5a5df9628e45"

angular-local-storage@^0.7.1:
  version "0.7.1"
  resolved "https://registry.yarnpkg.com/angular-local-storage/-/angular-local-storage-0.7.1.tgz#fbd2730763c29fa9af5725e0186c780621e8cdd2"

angular-ui-router@^0.4.3:
  version "0.4.3"
  resolved "https://registry.yarnpkg.com/angular-ui-router/-/angular-ui-router-0.4.3.tgz#6c29546fe50b8d2f74614dcb8660d6fc40d6e167"
  dependencies:
    angular "^1.0.8"

angular@^1.0.8:
  version "1.6.7"
  resolved "https://registry.yarnpkg.com/angular/-/angular-1.6.7.tgz#0f89837dae1776b01ccb1fa2096db0d9373d9897"

angular@^1.6.6:
  version "1.6.6"
  resolved "https://registry.yarnpkg.com/angular/-/angular-1.6.6.tgz#fd5a3cfb437ce382d854ee01120797978527cb64"

chart.js@^2.7.1:
  version "2.7.1"
  resolved "https://registry.yarnpkg.com/chart.js/-/chart.js-2.7.1.tgz#ae90b4aa4ff1f02decd6b1a2a8dabfd73c9f9886"
  dependencies:
    chartjs-color "~2.2.0"
    moment "~2.18.0"

chartjs-color-string@^0.5.0:
  version "0.5.0"
  resolved "https://registry.yarnpkg.com/chartjs-color-string/-/chartjs-color-string-0.5.0.tgz#8d3752d8581d86687c35bfe2cb80ac5213ceb8c1"
  dependencies:
    color-name "^1.0.0"

chartjs-color@~2.2.0:
  version "2.2.0"
  resolved "https://registry.yarnpkg.com/chartjs-color/-/chartjs-color-2.2.0.tgz#84a2fb755787ed85c39dd6dd8c7b1d88429baeae"
  dependencies:
    chartjs-color-string "^0.5.0"
    color-convert "^0.5.3"

color-convert@^0.5.3:
  version "0.5.3"
  resolved "https://registry.yarnpkg.com/color-convert/-/color-convert-0.5.3.tgz#bdb6c69ce660fadffe0b0007cc447e1b9f7282bd"

color-name@^1.0.0:
  version "1.1.3"
  resolved "https://registry.yarnpkg.com/color-name/-/color-name-1.1.3.tgz#a7d0558bd89c42f795dd42328f740831ca53bc25"

moment@~2.18.0:
  version "2.18.1"
  resolved "https://registry.yarnpkg.com/moment/-/moment-2.18.1.tgz#c36193dd3ce1c2eed2adb7c802dbbc77a81b1c0f"
