# THIS IS AN AUTOGENERATED FILE. DO NOT EDIT THIS FILE DIRECTLY.
# yarn lockfile v1


angular-animate@^1.6.6:
  version "1.6.6"
  resolved "https://registry.yarnpkg.com/angular-animate/-/angular-animate-1.6.6.tgz#6925647b141a040d241bf125040f1a150fcd8a70"

angular-bootstrap-npm@^0.14.3:
  version "0.14.3"
  resolved "https://registry.yarnpkg.com/angular-bootstrap-npm/-/angular-bootstrap-npm-0.14.3.tgz#1c18d49322adf5b5870ffb927f41dfc28ff6e579"

angular-loading-bar@^0.9.0:
  version "0.9.0"
  resolved "https://registry.yarnpkg.com/angular-loading-bar/-/angular-loading-bar-0.9.0.tgz#37ef52c25f102c216e7b3cdfd2fc5a5df9628e45"

angular-local-storage@^0.7.1:
  version "0.7.1"
  resolved "https://registry.yarnpkg.com/angular-local-storage/-/angular-local-storage-0.7.1.tgz#fbd2730763c29fa9af5725e0186c780621e8cdd2"

angular-route@^1.6.6:
  version "1.6.6"
  resolved "https://registry.yarnpkg.com/angular-route/-/angular-route-1.6.6.tgz#8c11748aa195c717b1b615a7e746442bfc7c61f4"

angular@^1.6.6:
  version "1.6.6"
  resolved "https://registry.yarnpkg.com/angular/-/angular-1.6.6.tgz#fd5a3cfb437ce382d854ee01120797978527cb64"
